
Microsoft Visual Studio Solution File, Format Version 12.00
# Visual Studio Version 17
VisualStudioVersion = 17.0.32112.339
MinimumVisualStudioVersion = 10.0.40219.1
Project("{FAE04EC0-301F-11D3-BF4B-00C04F79EFBC}") = "HashTable", "HashTable\HashTable.csproj", "{DBE91BE3-2473-4E19-8703-A9D55AA144F5}"
EndProject
Global
	GlobalSection(SolutionConfigurationPlatforms) = preSolution
		Debug|Any CPU = Debug|Any CPU
		Release|Any CPU = Release|Any CPU
	EndGlobalSection
	GlobalSection(ProjectConfigurationPlatforms) = postSolution
		{DBE91BE3-2473-4E19-8703-A9D55AA144F5}.Debug|Any CPU.ActiveCfg = Debug|Any CPU
		{DBE91BE3-2473-4E19-8703-A9D55AA144F5}.Debug|Any CPU.Build.0 = Debug|Any CPU
		{DBE91BE3-2473-4E19-8703-A9D55AA144F5}.Release|Any CPU.ActiveCfg = Release|Any CPU
		{DBE91BE3-2473-4E19-8703-A9D55AA144F5}.Release|Any CPU.Build.0 = Release|Any CPU
	EndGlobalSection
	GlobalSection(SolutionProperties) = preSolution
		HideSolutionNode = FALSE
	EndGlobalSection
	GlobalSection(ExtensibilityGlobals) = postSolution
		SolutionGuid = {890FE000-B646-44E4-B8C2-30EA68C7F19D}
	EndGlobalSection
EndGlobal
